
Microsoft Visual Studio Solution File, Format Version 12.00
# Visual Studio Version 17
VisualStudioVersion = 17.9.34728.123
MinimumVisualStudioVersion = 10.0.40219.1
Project("{FAE04EC0-301F-11D3-BF4B-00C04F79EFBC}") = "ConsoleAppTestLINQ", "ConsoleAppTestLINQ\ConsoleAppTestLINQ.csproj", "{C4926ED8-E399-4B64-985C-ED5BB102E306}"
EndProject
Global
	GlobalSection(SolutionConfigurationPlatforms) = preSolution
		Debug|Any CPU = Debug|Any CPU
		Release|Any CPU = Release|Any CPU
	EndGlobalSection
	GlobalSection(ProjectConfigurationPlatforms) = postSolution
		{C4926ED8-E399-4B64-985C-ED5BB102E306}.Debug|Any CPU.ActiveCfg = Debug|Any CPU
		{C4926ED8-E399-4B64-985C-ED5BB102E306}.Debug|Any CPU.Build.0 = Debug|Any CPU
		{C4926ED8-E399-4B64-985C-ED5BB102E306}.Release|Any CPU.ActiveCfg = Release|Any CPU
		{C4926ED8-E399-4B64-985C-ED5BB102E306}.Release|Any CPU.Build.0 = Release|Any CPU
	EndGlobalSection
	GlobalSection(SolutionProperties) = preSolution
		HideSolutionNode = FALSE
	EndGlobalSection
	GlobalSection(ExtensibilityGlobals) = postSolution
		SolutionGuid = {064DF655-3189-42BF-8510-06745098120A}
	EndGlobalSection
EndGlobal
